
Microsoft Visual Studio Solution File, Format Version 12.00
# Visual Studio Version 16
VisualStudioVersion = 16.0.30907.101
MinimumVisualStudioVersion = 10.0.40219.1
Project("{FAE04EC0-301F-11D3-BF4B-00C04F79EFBC}") = "BlazorPurchaseOrders", "BlazorPurchaseOrders\BlazorPurchaseOrders.csproj", "{DA335F6D-8145-45E3-B40D-DD2E0A33B44E}"
EndProject
Global
	GlobalSection(SolutionConfigurationPlatforms) = preSolution
		Debug|Any CPU = Debug|Any CPU
		Release|Any CPU = Release|Any CPU
	EndGlobalSection
	GlobalSection(ProjectConfigurationPlatforms) = postSolution
		{DA335F6D-8145-45E3-B40D-DD2E0A33B44E}.Debug|Any CPU.ActiveCfg = Debug|Any CPU
		{DA335F6D-8145-45E3-B40D-DD2E0A33B44E}.Debug|Any CPU.Build.0 = Debug|Any CPU
		{DA335F6D-8145-45E3-B40D-DD2E0A33B44E}.Release|Any CPU.ActiveCfg = Release|Any CPU
		{DA335F6D-8145-45E3-B40D-DD2E0A33B44E}.Release|Any CPU.Build.0 = Release|Any CPU
	EndGlobalSection
	GlobalSection(SolutionProperties) = preSolution
		HideSolutionNode = FALSE
	EndGlobalSection
	GlobalSection(ExtensibilityGlobals) = postSolution
		SolutionGuid = {E89157E8-A3A4-4AA3-83D5-366FB45E0A46}
	EndGlobalSection
EndGlobal
